{
  "name": "web",
  "version": "0.0.0",
  "lockfileVersion": 3,
  "requires": true,
  "packages": {
    "": {
      "name": "web",
      "version": "0.0.0",
      "dependencies": {
        "@element-plus/icons-vue": "^2.3.1",
        "@vueuse/core": "^11.0.0",
        "dayjs": "^1.11.0",
        "element-plus": "^2.9.0",
        "pinia": "^2.2.0",
        "shiki": "^1.24.0",
        "vue": "^3.5.0",
        "vue-router": "^4.4.0"
      },
      "devDependencies": {
        "@types/node": "^25.3.0",
        "@unocss/preset-attributify": "^66.6.0",
        "@unocss/preset-uno": "^66.6.0",
        "@vitejs/plugin-vue": "^5.2.0",
        "sass": "^1.80.0",
        "typescript": "^5.6.0",
        "unocss": "^66.6.0",
        "vite": "^6.0.0",
        "vue-tsc": "^2.1.0"
      }
    },
    "../node_modules/.pnpm/@element-plus+icons-vue@2.3.2_vue@3.5.28_typescript@5.9.3_/node_modules/@element-plus/icons-vue": {
      "version": "2.3.2",
      "license": "MIT",
      "devDependencies": {
        "@element-plus/icons-svg": "2.3.2",
        "@pnpm/find-workspace-dir": "^1000.1.2",
        "@pnpm/find-workspace-packages": "^6.0.9",
        "@pnpm/logger": "^1001.0.0",
        "@types/fs-extra": "^11.0.4",
        "@types/node": "^24.2.0",
        "camelcase": "^8.0.0",
        "chalk": "^5.5.0",
        "consola": "^3.4.2",
        "esbuild": "^0.25.8",
        "esbuild-plugin-globals": "^0.2.0",
        "fast-glob": "^3.3.3",
        "fs-extra": "^11.3.0",
        "npm-run-all": "^4.1.5",
        "prettier": "^3.6.2",
        "tsx": "^4.20.3",
        "typescript": "^5.9.2",
        "unplugin-vue": "^7.0.1",
        "vue": "^3.5.18",
        "vue-tsc": "^3.0.5"
      },
      "peerDependencies": {
        "vue": "^3.2.0"
      }
    },
    "../node_modules/.pnpm/@unocss+preset-attributify@66.6.0/node_modules/@unocss/preset-attributify": {
      "version": "66.6.0",
      "dev": true,
      "license": "MIT",
      "dependencies": {
        "@unocss/core": "66.6.0"
      },
      "funding": {
        "url": "https://github.com/sponsors/antfu"
      }
    },
    "../node_modules/.pnpm/@unocss+preset-uno@66.6.0/node_modules/@unocss/preset-uno": {
      "version": "66.6.0",
      "dev": true,
      "license": "MIT",
      "dependencies": {
        "@unocss/core": "66.6.0",
        "@unocss/preset-wind3": "66.6.0"
      },
      "funding": {
        "url": "https://github.com/sponsors/antfu"
      }
    },
    "../node_modules/.pnpm/@vitejs+plugin-vue@5.2.4_vi_56093f1cceea55fcae11326ac2c5d3a2/node_modules/@vitejs/plugin-vue": {
      "version": "5.2.4",
      "dev": true,
      "license": "MIT",
      "devDependencies": {
        "@jridgewell/gen-mapping": "^0.3.8",
        "@jridgewell/trace-mapping": "^0.3.25",
        "debug": "^4.4.0",
        "rollup": "^4.40.2",
        "slash": "^5.1.0",
        "source-map-js": "^1.2.1",
        "vite": "^6.3.5",
        "vue": "^3.5.13"
      },
      "engines": {
        "node": "^18.0.0 || >=20.0.0"
      },
      "peerDependencies": {
        "vite": "^5.0.0 || ^6.0.0",
        "vue": "^3.2.25"
      }
    },
    "../node_modules/.pnpm/@vueuse+core@11.3.0_vue@3.5.28_typescript@5.9.3_/node_modules/@vueuse/core": {
      "version": "11.3.0",
      "license": "MIT",
      "dependencies": {
        "@types/web-bluetooth": "^0.0.20",
        "@vueuse/metadata": "11.3.0",
        "@vueuse/shared": "11.3.0",
        "vue-demi": ">=0.14.10"
      },
      "funding": {
        "url": "https://github.com/sponsors/antfu"
      }
    },
    "../node_modules/.pnpm/dayjs@1.11.19/node_modules/dayjs": {
      "version": "1.11.19",
      "license": "MIT",
      "devDependencies": {
        "@babel/cli": "^7.0.0-beta.44",
        "@babel/core": "^7.0.0-beta.44",
        "@babel/node": "^7.0.0-beta.44",
        "@babel/preset-env": "^7.0.0-beta.44",
        "@semantic-release/github": "^11.0.4",
        "babel-core": "^7.0.0-bridge.0",
        "babel-jest": "^22.4.3",
        "babel-plugin-external-helpers": "^6.22.0",
        "cross-env": "^5.1.6",
        "eslint": "^4.19.1",
        "eslint-config-airbnb-base": "^12.1.0",
        "eslint-plugin-import": "^2.10.0",
        "eslint-plugin-jest": "^21.15.0",
        "gzip-size-cli": "^2.1.0",
        "jasmine-core": "^2.99.1",
        "jest": "^22.4.3",
        "karma": "^2.0.2",
        "karma-jasmine": "^1.1.2",
        "karma-sauce-launcher": "^1.1.0",
        "mockdate": "^2.0.2",
        "moment": "2.29.2",
        "moment-timezone": "0.5.31",
        "ncp": "^2.0.0",
        "pre-commit": "^1.2.2",
        "prettier": "^1.16.1",
        "rollup": "^2.45.1",
        "rollup-plugin-babel": "^4.4.0",
        "rollup-plugin-terser": "^7.0.2",
        "size-limit": "^0.18.0",
        "typescript": "^2.8.3"
      }
    },
    "../node_modules/.pnpm/element-plus@2.13.2_vue@3.5.28_typescript@5.9.3_/node_modules/element-plus": {
      "version": "2.13.2",
      "license": "MIT",
      "dependencies": {
        "@ctrl/tinycolor": "^3.4.1",
        "@element-plus/icons-vue": "^2.3.2",
        "@floating-ui/dom": "^1.0.1",
        "@popperjs/core": "npm:@sxzz/popperjs-es@^2.11.7",
        "@types/lodash": "^4.17.20",
        "@types/lodash-es": "^4.17.12",
        "@vueuse/core": "^10.11.0",
        "async-validator": "^4.2.5",
        "dayjs": "^1.11.19",
        "lodash": "^4.17.23",
        "lodash-es": "^4.17.23",
        "lodash-unified": "^1.0.3",
        "memoize-one": "^6.0.0",
        "normalize-wheel-es": "^1.2.0"
      },
      "devDependencies": {
        "@types/node": "*",
        "vue-router": "^4.0.16"
      },
      "peerDependencies": {
        "vue": "^3.3.0"
      }
    },
    "../node_modules/.pnpm/pinia@2.3.1_typescript@5.9.3_vue@3.5.28_typescript@5.9.3_/node_modules/pinia": {
      "version": "2.3.1",
      "license": "MIT",
      "dependencies": {
        "@vue/devtools-api": "^6.6.3",
        "vue-demi": "^0.14.10"
      },
      "devDependencies": {
        "@microsoft/api-extractor": "7.48.0",
        "@vue/test-utils": "^2.4.6"
      },
      "funding": {
        "url": "https://github.com/sponsors/posva"
      },
      "peerDependencies": {
        "typescript": ">=4.4.4",
        "vue": "^2.7.0 || ^3.5.11"
      },
      "peerDependenciesMeta": {
        "typescript": {
          "optional": true
        }
      }
    },
    "../node_modules/.pnpm/sass@1.97.3/node_modules/sass": {
      "version": "1.97.3",
      "dev": true,
      "license": "MIT",
      "dependencies": {
        "chokidar": "^4.0.0",
        "immutable": "^5.0.2",
        "source-map-js": ">=0.6.2 <2.0.0"
      },
      "bin": {
        "sass": "sass.js"
      },
      "engines": {
        "node": ">=14.0.0"
      },
      "optionalDependencies": {
        "@parcel/watcher": "^2.4.1"
      }
    },
    "../node_modules/.pnpm/shiki@1.29.2/node_modules/shiki": {
      "version": "1.29.2",
      "license": "MIT",
      "dependencies": {
        "@shikijs/core": "1.29.2",
        "@shikijs/engine-javascript": "1.29.2",
        "@shikijs/engine-oniguruma": "1.29.2",
        "@shikijs/langs": "1.29.2",
        "@shikijs/themes": "1.29.2",
        "@shikijs/types": "1.29.2",
        "@shikijs/vscode-textmate": "^10.0.1",
        "@types/hast": "^3.0.4"
      },
      "devDependencies": {
        "rollup-plugin-copy": "^3.5.0",
        "tm-grammars": "^1.22.8",
        "tm-themes": "^1.9.8",
        "vscode-oniguruma": "1.7.0"
      }
    },
    "../node_modules/.pnpm/typescript@5.9.3/node_modules/typescript": {
      "version": "5.9.3",
      "dev": true,
      "license": "Apache-2.0",
      "bin": {
        "tsc": "bin/tsc",
        "tsserver": "bin/tsserver"
      },
      "devDependencies": {
        "@dprint/formatter": "^0.4.1",
        "@dprint/typescript": "0.93.4",
        "@esfx/canceltoken": "^1.0.0",
        "@eslint/js": "^9.20.0",
        "@octokit/rest": "^21.1.1",
        "@types/chai": "^4.3.20",
        "@types/diff": "^7.0.1",
        "@types/minimist": "^1.2.5",
        "@types/mocha": "^10.0.10",
        "@types/ms": "^0.7.34",
        "@types/node": "latest",
        "@types/source-map-support": "^0.5.10",
        "@types/which": "^3.0.4",
        "@typescript-eslint/rule-tester": "^8.24.1",
        "@typescript-eslint/type-utils": "^8.24.1",
        "@typescript-eslint/utils": "^8.24.1",
        "azure-devops-node-api": "^14.1.0",
        "c8": "^10.1.3",
        "chai": "^4.5.0",
        "chokidar": "^4.0.3",
        "diff": "^7.0.0",
        "dprint": "^0.49.0",
        "esbuild": "^0.25.0",
        "eslint": "^9.20.1",
        "eslint-formatter-autolinkable-stylish": "^1.4.0",
        "eslint-plugin-regexp": "^2.7.0",
        "fast-xml-parser": "^4.5.2",
        "glob": "^10.4.5",
        "globals": "^15.15.0",
        "hereby": "^1.10.0",
        "jsonc-parser": "^3.3.1",
        "knip": "^5.44.4",
        "minimist": "^1.2.8",
        "mocha": "^10.8.2",
        "mocha-fivemat-progress-reporter": "^0.1.0",
        "monocart-coverage-reports": "^2.12.1",
        "ms": "^2.1.3",
        "picocolors": "^1.1.1",
        "playwright": "^1.50.1",
        "source-map-support": "^0.5.21",
        "tslib": "^2.8.1",
        "typescript": "^5.7.3",
        "typescript-eslint": "^8.24.1",
        "which": "^3.0.1"
      },
      "engines": {
        "node": ">=14.17"
      }
    },
    "../node_modules/.pnpm/unocss@66.6.0_postcss@8.5.6_a8ef93c8b86936af9fe63e73a6b24de4/node_modules/unocss": {
      "version": "66.6.0",
      "dev": true,
      "license": "MIT",
      "dependencies": {
        "@unocss/astro": "66.6.0",
        "@unocss/cli": "66.6.0",
        "@unocss/core": "66.6.0",
        "@unocss/postcss": "66.6.0",
        "@unocss/preset-attributify": "66.6.0",
        "@unocss/preset-icons": "66.6.0",
        "@unocss/preset-mini": "66.6.0",
        "@unocss/preset-tagify": "66.6.0",
        "@unocss/preset-typography": "66.6.0",
        "@unocss/preset-uno": "66.6.0",
        "@unocss/preset-web-fonts": "66.6.0",
        "@unocss/preset-wind": "66.6.0",
        "@unocss/preset-wind3": "66.6.0",
        "@unocss/preset-wind4": "66.6.0",
        "@unocss/transformer-attributify-jsx": "66.6.0",
        "@unocss/transformer-compile-class": "66.6.0",
        "@unocss/transformer-directives": "66.6.0",
        "@unocss/transformer-variant-group": "66.6.0",
        "@unocss/vite": "66.6.0"
      },
      "devDependencies": {
        "@unocss/webpack": "66.6.0",
        "vite": "^7.3.1"
      },
      "engines": {
        "node": ">=14"
      },
      "funding": {
        "url": "https://github.com/sponsors/antfu"
      },
      "peerDependencies": {
        "@unocss/webpack": "66.6.0",
        "vite": "^2.9.0 || ^3.0.0-0 || ^4.0.0 || ^5.0.0-0 || ^6.0.0-0 || ^7.0.0-0 || ^8.0.0-0"
      },
      "peerDependenciesMeta": {
        "@unocss/webpack": {
          "optional": true
        },
        "vite": {
          "optional": true
        }
      }
    },
    "../node_modules/.pnpm/vite@6.4.1_jiti@2.6.1_sass@1.97.3/node_modules/vite": {
      "version": "6.4.1",
      "dev": true,
      "license": "MIT",
      "dependencies": {
        "esbuild": "^0.25.0",
        "fdir": "^6.4.4",
        "picomatch": "^4.0.2",
        "postcss": "^8.5.3",
        "rollup": "^4.34.9",
        "tinyglobby": "^0.2.13"
      },
      "bin": {
        "vite": "bin/vite.js"
      },
      "devDependencies": {
        "@ampproject/remapping": "^2.3.0",
        "@babel/parser": "^7.27.0",
        "@jridgewell/trace-mapping": "^0.3.25",
        "@polka/compression": "^1.0.0-next.25",
        "@rollup/plugin-alias": "^5.1.1",
        "@rollup/plugin-commonjs": "^28.0.3",
        "@rollup/plugin-dynamic-import-vars": "2.1.4",
        "@rollup/plugin-json": "^6.1.0",
        "@rollup/plugin-node-resolve": "16.0.1",
        "@rollup/pluginutils": "^5.1.4",
        "@types/escape-html": "^1.0.4",
        "@types/pnpapi": "^0.0.5",
        "artichokie": "^0.3.1",
        "cac": "^6.7.14",
        "chokidar": "^3.6.0",
        "connect": "^3.7.0",
        "convert-source-map": "^2.0.0",
        "cors": "^2.8.5",
        "cross-spawn": "^7.0.6",
        "debug": "^4.4.0",
        "dep-types": "link:./src/types",
        "dotenv": "^16.5.0",
        "dotenv-expand": "^12.0.2",
        "es-module-lexer": "^1.6.0",
        "escape-html": "^1.0.3",
        "estree-walker": "^3.0.3",
        "etag": "^1.8.1",
        "http-proxy": "^1.18.1",
        "launch-editor-middleware": "^2.10.0",
        "lightningcss": "^1.29.3",
        "magic-string": "^0.30.17",
        "mlly": "^1.7.4",
        "mrmime": "^2.0.1",
        "nanoid": "^5.1.5",
        "open": "^10.1.1",
        "parse5": "^7.2.1",
        "pathe": "^2.0.3",
        "periscopic": "^4.0.2",
        "picocolors": "^1.1.1",
        "postcss-import": "^16.1.0",
        "postcss-load-config": "^6.0.1",
        "postcss-modules": "^6.0.1",
        "resolve.exports": "^2.0.3",
        "rollup-plugin-dts": "^6.2.1",
        "rollup-plugin-esbuild": "^6.2.1",
        "rollup-plugin-license": "^3.6.0",
        "sass": "^1.86.3",
        "sass-embedded": "^1.86.3",
        "sirv": "^3.0.2",
        "source-map-support": "^0.5.21",
        "strip-literal": "^3.0.0",
        "terser": "^5.39.0",
        "tsconfck": "^3.1.5",
        "tslib": "^2.8.1",
        "types": "link:./types",
        "ufo": "^1.6.1",
        "ws": "^8.18.1"
      },
      "engines": {
        "node": "^18.0.0 || ^20.0.0 || >=22.0.0"
      },
      "funding": {
        "url": "https://github.com/vitejs/vite?sponsor=1"
      },
      "optionalDependencies": {
        "fsevents": "~2.3.3"
      },
      "peerDependencies": {
        "@types/node": "^18.0.0 || ^20.0.0 || >=22.0.0",
        "jiti": ">=1.21.0",
        "less": "*",
        "lightningcss": "^1.21.0",
        "sass": "*",
        "sass-embedded": "*",
        "stylus": "*",
        "sugarss": "*",
        "terser": "^5.16.0",
        "tsx": "^4.8.1",
        "yaml": "^2.4.2"
      },
      "peerDependenciesMeta": {
        "@types/node": {
          "optional": true
        },
        "jiti": {
          "optional": true
        },
        "less": {
          "optional": true
        },
        "lightningcss": {
          "optional": true
        },
        "sass": {
          "optional": true
        },
        "sass-embedded": {
          "optional": true
        },
        "stylus": {
          "optional": true
        },
        "sugarss": {
          "optional": true
        },
        "terser": {
          "optional": true
        },
        "tsx": {
          "optional": true
        },
        "yaml": {
          "optional": true
        }
      }
    },
    "../node_modules/.pnpm/vue-router@4.6.4_vue@3.5.28_typescript@5.9.3_/node_modules/vue-router": {
      "version": "4.6.4",
      "license": "MIT",
      "dependencies": {
        "@vue/devtools-api": "^6.6.4"
      },
      "devDependencies": {
        "@rollup/plugin-commonjs": "^28.0.7",
        "@rollup/plugin-node-resolve": "^16.0.3",
        "@rollup/plugin-replace": "^6.0.2",
        "@rollup/plugin-terser": "^0.4.4",
        "@types/jsdom": "^21.1.7",
        "@types/nightwatch": "^2.3.32",
        "@typescript/native-preview": "7.0.0-dev.20251013.1",
        "@vitejs/plugin-vue": "^6.0.1",
        "@vue/compiler-sfc": "~3.5.22",
        "@vue/server-renderer": "~3.5.22",
        "@vue/test-utils": "^2.4.6",
        "browserstack-local": "^1.5.8",
        "chromedriver": "^138.0.5",
        "connect-history-api-fallback": "^1.6.0",
        "dotenv": "^17.2.3",
        "faked-promise": "^2.2.2",
        "geckodriver": "^6.0.2",
        "happy-dom": "^20.0.0",
        "nightwatch": "^3.12.2",
        "nightwatch-helpers": "^1.2.0",
        "rimraf": "^6.0.1",
        "rollup": "^4.52.4",
        "rollup-plugin-typescript2": "^0.36.0",
        "tsdown": "^0.17.2",
        "tsup": "^8.5.0",
        "vite": "^7.1.10",
        "vue": "~3.6.0-alpha.2"
      },
      "funding": {
        "url": "https://github.com/sponsors/posva"
      },
      "peerDependencies": {
        "vue": "^3.5.0"
      }
    },
    "../node_modules/.pnpm/vue-tsc@2.2.12_typescript@5.9.3/node_modules/vue-tsc": {
      "version": "2.2.12",
      "dev": true,
      "license": "MIT",
      "dependencies": {
        "@volar/typescript": "2.4.15",
        "@vue/language-core": "2.2.12"
      },
      "bin": {
        "vue-tsc": "bin/vue-tsc.js"
      },
      "devDependencies": {
        "@types/node": "^22.10.4"
      },
      "peerDependencies": {
        "typescript": ">=5.0.0"
      }
    },
    "../node_modules/.pnpm/vue@3.5.28_typescript@5.9.3/node_modules/vue": {
      "version": "3.5.28",
      "license": "MIT",
      "dependencies": {
        "@vue/compiler-dom": "3.5.28",
        "@vue/compiler-sfc": "3.5.28",
        "@vue/runtime-dom": "3.5.28",
        "@vue/server-renderer": "3.5.28",
        "@vue/shared": "3.5.28"
      },
      "peerDependencies": {
        "typescript": "*"
      },
      "peerDependenciesMeta": {
        "typescript": {
          "optional": true
        }
      }
    },
    "node_modules/@element-plus/icons-vue": {
      "resolved": "../node_modules/.pnpm/@element-plus+icons-vue@2.3.2_vue@3.5.28_typescript@5.9.3_/node_modules/@element-plus/icons-vue",
      "link": true
    },
    "node_modules/@types/node": {
      "version": "25.3.0",
      "resolved": "https://registry.npmjs.org/@types/node/-/node-25.3.0.tgz",
      "integrity": "sha512-4K3bqJpXpqfg2XKGK9bpDTc6xO/xoUP/RBWS7AtRMug6zZFaRekiLzjVtAoZMquxoAbzBvy5nxQ7veS5eYzf8A==",
      "dev": true,
      "license": "MIT",
      "dependencies": {
        "undici-types": "~7.18.0"
      }
    },
    "node_modules/@unocss/preset-attributify": {
      "resolved": "../node_modules/.pnpm/@unocss+preset-attributify@66.6.0/node_modules/@unocss/preset-attributify",
      "link": true
    },
    "node_modules/@unocss/preset-uno": {
      "resolved": "../node_modules/.pnpm/@unocss+preset-uno@66.6.0/node_modules/@unocss/preset-uno",
      "link": true
    },
    "node_modules/@vitejs/plugin-vue": {
      "resolved": "../node_modules/.pnpm/@vitejs+plugin-vue@5.2.4_vi_56093f1cceea55fcae11326ac2c5d3a2/node_modules/@vitejs/plugin-vue",
      "link": true
    },
    "node_modules/@vueuse/core": {
      "resolved": "../node_modules/.pnpm/@vueuse+core@11.3.0_vue@3.5.28_typescript@5.9.3_/node_modules/@vueuse/core",
      "link": true
    },
    "node_modules/dayjs": {
      "resolved": "../node_modules/.pnpm/dayjs@1.11.19/node_modules/dayjs",
      "link": true
    },
    "node_modules/element-plus": {
      "resolved": "../node_modules/.pnpm/element-plus@2.13.2_vue@3.5.28_typescript@5.9.3_/node_modules/element-plus",
      "link": true
    },
    "node_modules/pinia": {
      "resolved": "../node_modules/.pnpm/pinia@2.3.1_typescript@5.9.3_vue@3.5.28_typescript@5.9.3_/node_modules/pinia",
      "link": true
    },
    "node_modules/sass": {
      "resolved": "../node_modules/.pnpm/sass@1.97.3/node_modules/sass",
      "link": true
    },
    "node_modules/shiki": {
      "resolved": "../node_modules/.pnpm/shiki@1.29.2/node_modules/shiki",
      "link": true
    },
    "node_modules/typescript": {
      "resolved": "../node_modules/.pnpm/typescript@5.9.3/node_modules/typescript",
      "link": true
    },
    "node_modules/undici-types": {
      "version": "7.18.2",
      "resolved": "https://registry.npmjs.org/undici-types/-/undici-types-7.18.2.tgz",
      "integrity": "sha512-AsuCzffGHJybSaRrmr5eHr81mwJU3kjw6M+uprWvCXiNeN9SOGwQ3Jn8jb8m3Z6izVgknn1R0FTCEAP2QrLY/w==",
      "dev": true,
      "license": "MIT"
    },
    "node_modules/unocss": {
      "resolved": "../node_modules/.pnpm/unocss@66.6.0_postcss@8.5.6_a8ef93c8b86936af9fe63e73a6b24de4/node_modules/unocss",
      "link": true
    },
    "node_modules/vite": {
      "resolved": "../node_modules/.pnpm/vite@6.4.1_jiti@2.6.1_sass@1.97.3/node_modules/vite",
      "link": true
    },
    "node_modules/vue": {
      "resolved": "../node_modules/.pnpm/vue@3.5.28_typescript@5.9.3/node_modules/vue",
      "link": true
    },
    "node_modules/vue-router": {
      "resolved": "../node_modules/.pnpm/vue-router@4.6.4_vue@3.5.28_typescript@5.9.3_/node_modules/vue-router",
      "link": true
    },
    "node_modules/vue-tsc": {
      "resolved": "../node_modules/.pnpm/vue-tsc@2.2.12_typescript@5.9.3/node_modules/vue-tsc",
      "link": true
    }
  }
}
